
Microsoft Visual Studio Solution File, Format Version 12.00
# Visual Studio Version 16
VisualStudioVersion = 16.0.34031.81
MinimumVisualStudioVersion = 10.0.40219.1
Project("{8BC9CEB8-8B4A-11D0-8D11-00A0C91BC942}") = "lisp_repl", "lisp_repl.vcxproj", "{7912D337-1A06-4E82-A2CD-99FDA0B67C34}"
EndProject
Global
	GlobalSection(SolutionConfigurationPlatforms) = preSolution
		Debug|x64 = Debug|x64
		Debug|x86 = Debug|x86
		Release|x64 = Release|x64
		Release|x86 = Release|x86
	EndGlobalSection
	GlobalSection(ProjectConfigurationPlatforms) = postSolution
		{7912D337-1A06-4E82-A2CD-99FDA0B67C34}.Debug|x64.ActiveCfg = Debug|x64
		{7912D337-1A06-4E82-A2CD-99FDA0B67C34}.Debug|x64.Build.0 = Debug|x64
		{7912D337-1A06-4E82-A2CD-99FDA0B67C34}.Debug|x86.ActiveCfg = Debug|Win32
		{7912D337-1A06-4E82-A2CD-99FDA0B67C34}.Debug|x86.Build.0 = Debug|Win32
		{7912D337-1A06-4E82-A2CD-99FDA0B67C34}.Release|x64.ActiveCfg = Release|x64
		{7912D337-1A06-4E82-A2CD-99FDA0B67C34}.Release|x64.Build.0 = Release|x64
		{7912D337-1A06-4E82-A2CD-99FDA0B67C34}.Release|x86.ActiveCfg = Release|Win32
		{7912D337-1A06-4E82-A2CD-99FDA0B67C34}.Release|x86.Build.0 = Release|Win32
	EndGlobalSection
	GlobalSection(SolutionProperties) = preSolution
		HideSolutionNode = FALSE
	EndGlobalSection
	GlobalSection(ExtensibilityGlobals) = postSolution
		SolutionGuid = {1F3B5F36-D33B-43C9-AC91-4B6B49E05A72}
	EndGlobalSection
EndGlobal
